// !$*UTF8*$!
{
	archiveVersion = 1;
	classes = {
	};
	objectVersion = 46;
	objects = {

/* Begin PBXBuildFile section */
		D556117A1C68946200890AC3 /* main.m in Sources */ = {isa = PBXBuildFile; fileRef = D55611791C68946200890AC3 /* main.m */; };
		D556117D1C68946200890AC3 /* AppDelegate.m in Sources */ = {isa = PBXBuildFile; fileRef = D556117C1C68946200890AC3 /* AppDelegate.m */; };
		D55611801C68946200890AC3 /* ViewController.m in Sources */ = {isa = PBXBuildFile; fileRef = D556117F1C68946200890AC3 /* ViewController.m */; };
		D55611831C68946200890AC3 /* Main.storyboard in Resources */ = {isa = PBXBuildFile; fileRef = D55611811C68946200890AC3 /* Main.storyboard */; };
		D55611851C68946200890AC3 /* Images.xcassets in Resources */ = {isa = PBXBuildFile; fileRef = D55611841C68946200890AC3 /* Images.xcassets */; };
		D55611881C68946200890AC3 /* LaunchScreen.xib in Resources */ = {isa = PBXBuildFile; fileRef = D55611861C68946200890AC3 /* LaunchScreen.xib */; };
		D55611941C68946200890AC3 /* JD_MobileTests.m in Sources */ = {isa = PBXBuildFile; fileRef = D55611931C68946200890AC3 /* JD_MobileTests.m */; };
/* End PBXBuildFile section */

/* Begin PBXContainerItemProxy section */
		D556118E1C68946200890AC3 /* PBXContainerItemProxy */ = {
			isa = PBXContainerItemProxy;
			containerPortal = D556116C1C68946200890AC3 /* Project object */;
			proxyType = 1;
			remoteGlobalIDString = D55611731C68946200890AC3;
			remoteInfo = "JD-Mobile";
		};
/* End PBXContainerItemProxy section */

/* Begin PBXFileReference section */
		D55611741C68946200890AC3 /* JD-Mobile.app */ = {isa = PBXFileReference; explicitFileType = wrapper.application; includeInIndex = 0; path = "JD-Mobile.app"; sourceTree = BUILT_PRODUCTS_DIR; };
		D55611781C68946200890AC3 /* Info.plist */ = {isa = PBXFileReference; lastKnownFileType = text.plist.xml; path = Info.plist; sourceTree = "<group>"; };
		D55611791C68946200890AC3 /* main.m */ = {isa = PBXFileReference; lastKnownFileType = sourcecode.c.objc; path = main.m; sourceTree = "<group>"; };
		D556117B1C68946200890AC3 /* AppDelegate.h */ = {isa = PBXFileReference; lastKnownFileType = sourcecode.c.h; path = AppDelegate.h; sourceTree = "<group>"; };
		D556117C1C68946200890AC3 /* AppDelegate.m */ = {isa = PBXFileReference; lastKnownFileType = sourcecode.c.objc; path = AppDelegate.m; sourceTree = "<group>"; };
		D556117E1C68946200890AC3 /* ViewController.h */ = {isa = PBXFileReference; lastKnownFileType = sourcecode.c.h; path = ViewController.h; sourceTree = "<group>"; };
		D556117F1C68946200890AC3 /* ViewController.m */ = {isa = PBXFileReference; lastKnownFileType = sourcecode.c.objc; path = ViewController.m; sourceTree = "<group>"; };
		D55611821C68946200890AC3 /* Base */ = {isa = PBXFileReference; lastKnownFileType = file.storyboard; name = Base; path = Base.lproj/Main.storyboard; sourceTree = "<group>"; };
		D55611841C68946200890AC3 /* Images.xcassets */ = {isa = PBXFileReference; lastKnownFileType = folder.assetcatalog; path = Images.xcassets; sourceTree = "<group>"; };
		D55611871C68946200890AC3 /* Base */ = {isa = PBXFileReference; lastKnownFileType = file.xib; name = Base; path = Base.lproj/LaunchScreen.xib; sourceTree = "<group>"; };
		D556118D1C68946200890AC3 /* JD-MobileTests.xctest */ = {isa = PBXFileReference; explicitFileType = wrapper.cfbundle; includeInIndex = 0; path = "JD-MobileTests.xctest"; sourceTree = BUILT_PRODUCTS_DIR; };
		D55611921C68946200890AC3 /* Info.plist */ = {isa = PBXFileReference; lastKnownFileType = text.plist.xml; path = Info.plist; sourceTree = "<group>"; };
		D55611931C68946200890AC3 /* JD_MobileTests.m */ = {isa = PBXFileReference; lastKnownFileType = sourcecode.c.objc; path = JD_MobileTests.m; sourceTree = "<group>"; };
/* End PBXFileReference section */

/* Begin PBXFrameworksBuildPhase section */
		D55611711C68946200890AC3 /* Frameworks */ = {
			isa = PBXFrameworksBuildPhase;
			buildActionMask = 2147483647;
			files = (
			);
			runOnlyForDeploymentPostprocessing = 0;
		};
		D556118A1C68946200890AC3 /* Frameworks */ = {
			isa = PBXFrameworksBuildPhase;
			buildActionMask = 2147483647;
			files = (
			);
			runOnlyForDeploymentPostprocessing = 0;
		};
/* End PBXFrameworksBuildPhase section */

/* Begin PBXGroup section */
		D556116B1C68946200890AC3 = {
			isa = PBXGroup;
			children = (
				D55611761C68946200890AC3 /* JD-Mobile */,
				D55611901C68946200890AC3 /* JD-MobileTests */,
				D55611751C68946200890AC3 /* Products */,
			);
			sourceTree = "<group>";
		};
		D55611751C68946200890AC3 /* Products */ = {
			isa = PBXGroup;
			children = (
				D55611741C68946200890AC3 /* JD-Mobile.app */,
				D556118D1C68946200890AC3 /* JD-MobileTests.xctest */,
			);
			name = Products;
			sourceTree = "<group>";
		};
		D55611761C68946200890AC3 /* JD-Mobile */ = {
			isa = PBXGroup;
			children = (
				D556117B1C68946200890AC3 /* AppDelegate.h */,
				D556117C1C68946200890AC3 /* AppDelegate.m */,
				D556117E1C68946200890AC3 /* ViewController.h */,
				D556117F1C68946200890AC3 /* ViewController.m */,
				D55611811C68946200890AC3 /* Main.storyboard */,
				D55611841C68946200890AC3 /* Images.xcassets */,
				D55611861C68946200890AC3 /* LaunchScreen.xib */,
				D55611771C68946200890AC3 /* Supporting Files */,
			);
			path = "JD-Mobile";
			sourceTree = "<group>";
		};
		D55611771C68946200890AC3 /* Supporting Files */ = {
			isa = PBXGroup;
			children = (
				D55611781C68946200890AC3 /* Info.plist */,
				D55611791C68946200890AC3 /* main.m */,
			);
			name = "Supporting Files";
			sourceTree = "<group>";
		};
		D55611901C68946200890AC3 /* JD-MobileTests */ = {
			isa = PBXGroup;
			children = (
				D55611931C68946200890AC3 /* JD_MobileTests.m */,
				D55611911C68946200890AC3 /* Supporting Files */,
			);
			path = "JD-MobileTests";
			sourceTree = "<group>";
		};
		D55611911C68946200890AC3 /* Supporting Files */ = {
			isa = PBXGroup;
			children = (
				D55611921C68946200890AC3 /* Info.plist */,
			);
			name = "Supporting Files";
			sourceTree = "<group>";
		};
/* End PBXGroup section */

/* Begin PBXNativeTarget section */
		D55611731C68946200890AC3 /* JD-Mobile */ = {
			isa = PBXNativeTarget;
			buildConfigurationList = D55611971C68946200890AC3 /* Build configuration list for PBXNativeTarget "JD-Mobile" */;
			buildPhases = (
				D55611701C68946200890AC3 /* Sources */,
				D55611711C68946200890AC3 /* Frameworks */,
				D55611721C68946200890AC3 /* Resources */,
			);
			buildRules = (
			);
			dependencies = (
			);
			name = "JD-Mobile";
			productName = "JD-Mobile";
			productReference = D55611741C68946200890AC3 /* JD-Mobile.app */;
			productType = "com.apple.product-type.application";
		};
		D556118C1C68946200890AC3 /* JD-MobileTests */ = {
			isa = PBXNativeTarget;
			buildConfigurationList = D556119A1C68946200890AC3 /* Build configuration list for PBXNativeTarget "JD-MobileTests" */;
			buildPhases = (
				D55611891C68946200890AC3 /* Sources */,
				D556118A1C68946200890AC3 /* Frameworks */,
				D556118B1C68946200890AC3 /* Resources */,
			);
			buildRules = (
			);
			dependencies = (
				D556118F1C68946200890AC3 /* PBXTargetDependency */,
			);
			name = "JD-MobileTests";
			productName = "JD-MobileTests";
			productReference = D556118D1C68946200890AC3 /* JD-MobileTests.xctest */;
			productType = "com.apple.product-type.bundle.unit-test";
		};
/* End PBXNativeTarget section */

/* Begin PBXProject section */
		D556116C1C68946200890AC3 /* Project object */ = {
			isa = PBXProject;
			attributes = {
				LastUpgradeCheck = 0640;
				ORGANIZATIONNAME = dengwei;
				TargetAttributes = {
					D55611731C68946200890AC3 = {
						CreatedOnToolsVersion = 6.4;
					};
					D556118C1C68946200890AC3 = {
						CreatedOnToolsVersion = 6.4;
						TestTargetID = D55611731C68946200890AC3;
					};
				};
			};
			buildConfigurationList = D556116F1C68946200890AC3 /* Build configuration list for PBXProject "JD-Mobile" */;
			compatibilityVersion = "Xcode 3.2";
			developmentRegion = English;
			hasScannedForEncodings = 0;
			knownRegions = (
				en,
				Base,
			);
			mainGroup = D556116B1C68946200890AC3;
			productRefGroup = D55611751C68946200890AC3 /* Products */;
			projectDirPath = "";
			projectRoot = "";
			targets = (
				D55611731C68946200890AC3 /* JD-Mobile */,
				D556118C1C68946200890AC3 /* JD-MobileTests */,
			);
		};
/* End PBXProject section */

/* Begin PBXResourcesBuildPhase section */
		D55611721C68946200890AC3 /* Resources */ = {
			isa = PBXResourcesBuildPhase;
			buildActionMask = 2147483647;
			files = (
				D55611831C68946200890AC3 /* Main.storyboard in Resources */,
				D55611881C68946200890AC3 /* LaunchScreen.xib in Resources */,
				D55611851C68946200890AC3 /* Images.xcassets in Resources */,
			);
			runOnlyForDeploymentPostprocessing = 0;
		};
		D556118B1C68946200890AC3 /* Resources */ = {
			isa = PBXResourcesBuildPhase;
			buildActionMask = 2147483647;
			files = (
			);
			runOnlyForDeploymentPostprocessing = 0;
		};
/* End PBXResourcesBuildPhase section */

/* Begin PBXSourcesBuildPhase section */
		D55611701C68946200890AC3 /* Sources */ = {
			isa = PBXSourcesBuildPhase;
			buildActionMask = 2147483647;
			files = (
				D55611801C68946200890AC3 /* ViewController.m in Sources */,
				D556117D1C68946200890AC3 /* AppDelegate.m in Sources */,
				D556117A1C68946200890AC3 /* main.m in Sources */,
			);
			runOnlyForDeploymentPostprocessing = 0;
		};
		D55611891C68946200890AC3 /* Sources */ = {
			isa = PBXSourcesBuildPhase;
			buildActionMask = 2147483647;
			files = (
				D55611941C68946200890AC3 /* JD_MobileTests.m in Sources */,
			);
			runOnlyForDeploymentPostprocessing = 0;
		};
/* End PBXSourcesBuildPhase section */

/* Begin PBXTargetDependency section */
		D556118F1C68946200890AC3 /* PBXTargetDependency */ = {
			isa = PBXTargetDependency;
			target = D55611731C68946200890AC3 /* JD-Mobile */;
			targetProxy = D556118E1C68946200890AC3 /* PBXContainerItemProxy */;
		};
/* End PBXTargetDependency section */

/* Begin PBXVariantGroup section */
		D55611811C68946200890AC3 /* Main.storyboard */ = {
			isa = PBXVariantGroup;
			children = (
				D55611821C68946200890AC3 /* Base */,
			);
			name = Main.storyboard;
			sourceTree = "<group>";
		};
		D55611861C68946200890AC3 /* LaunchScreen.xib */ = {
			isa = PBXVariantGroup;
			children = (
				D55611871C68946200890AC3 /* Base */,
			);
			name = LaunchScreen.xib;
			sourceTree = "<group>";
		};
/* End PBXVariantGroup section */

/* Begin XCBuildConfiguration section */
		D55611951C68946200890AC3 /* Debug */ = {
			isa = XCBuildConfiguration;
			buildSettings = {
				ALWAYS_SEARCH_USER_PATHS = NO;
				CLANG_CXX_LANGUAGE_STANDARD = "gnu++0x";
				CLANG_CXX_LIBRARY = "libc++";
				CLANG_ENABLE_MODULES = YES;
				CLANG_ENABLE_OBJC_ARC = YES;
				CLANG_WARN_BOOL_CONVERSION = YES;
				CLANG_WARN_CONSTANT_CONVERSION = YES;
				CLANG_WARN_DIRECT_OBJC_ISA_USAGE = YES_ERROR;
				CLANG_WARN_EMPTY_BODY = YES;
				CLANG_WARN_ENUM_CONVERSION = YES;
				CLANG_WARN_INT_CONVERSION = YES;
				CLANG_WARN_OBJC_ROOT_CLASS = YES_ERROR;
				CLANG_WARN_UNREACHABLE_CODE = YES;
				CLANG_WARN__DUPLICATE_METHOD_MATCH = YES;
				"CODE_SIGN_IDENTITY[sdk=iphoneos*]" = "iPhone Developer";
				COPY_PHASE_STRIP = NO;
				DEBUG_INFORMATION_FORMAT = "dwarf-with-dsym";
				ENABLE_STRICT_OBJC_MSGSEND = YES;
				GCC_C_LANGUAGE_STANDARD = gnu99;
				GCC_DYNAMIC_NO_PIC = NO;
				GCC_NO_COMMON_BLOCKS = YES;
				GCC_OPTIMIZATION_LEVEL = 0;
				GCC_PREPROCESSOR_DEFINITIONS = (
					"DEBUG=1",
					"$(inherited)",
				);
				GCC_SYMBOLS_PRIVATE_EXTERN = NO;
				GCC_WARN_64_TO_32_BIT_CONVERSION = YES;
				GCC_WARN_ABOUT_RETURN_TYPE = YES_ERROR;
				GCC_WARN_UNDECLARED_SELECTOR = YES;
				GCC_WARN_UNINITIALIZED_AUTOS = YES_AGGRESSIVE;
				GCC_WARN_UNUSED_FUNCTION = YES;
				GCC_WARN_UNUSED_VARIABLE = YES;
				IPHONEOS_DEPLOYMENT_TARGET = 8.4;
				MTL_ENABLE_DEBUG_INFO = YES;
				ONLY_ACTIVE_ARCH = YES;
				SDKROOT = iphoneos;
			};
			name = Debug;
		};
		D55611961C68946200890AC3 /* Release */ = {
			isa = XCBuildConfiguration;
			buildSettings = {
				ALWAYS_SEARCH_USER_PATHS = NO;
				CLANG_CXX_LANGUAGE_STANDARD = "gnu++0x";
				CLANG_CXX_LIBRARY = "libc++";
				CLANG_ENABLE_MODULES = YES;
				CLANG_ENABLE_OBJC_ARC = YES;
				CLANG_WARN_BOOL_CONVERSION = YES;
				CLANG_WARN_CONSTANT_CONVERSION = YES;
				CLANG_WARN_DIRECT_OBJC_ISA_USAGE = YES_ERROR;
				CLANG_WARN_EMPTY_BODY = YES;
				CLANG_WARN_ENUM_CONVERSION = YES;
				CLANG_WARN_INT_CONVERSION = YES;
				CLANG_WARN_OBJC_ROOT_CLASS = YES_ERROR;
				CLANG_WARN_UNREACHABLE_CODE = YES;
				CLANG_WARN__DUPLICATE_METHOD_MATCH = YES;
				"CODE_SIGN_IDENTITY[sdk=iphoneos*]" = "iPhone Developer";
				COPY_PHASE_STRIP = NO;
				DEBUG_INFORMATION_FORMAT = "dwarf-with-dsym";
				ENABLE_NS_ASSERTIONS = NO;
				ENABLE_STRICT_OBJC_MSGSEND = YES;
				GCC_C_LANGUAGE_STANDARD = gnu99;
				GCC_NO_COMMON_BLOCKS = YES;
				GCC_WARN_64_TO_32_BIT_CONVERSION = YES;
				GCC_WARN_ABOUT_RETURN_TYPE = YES_ERROR;
				GCC_WARN_UNDECLARED_SELECTOR = YES;
				GCC_WARN_UNINITIALIZED_AUTOS = YES_AGGRESSIVE;
				GCC_WARN_UNUSED_FUNCTION = YES;
				GCC_WARN_UNUSED_VARIABLE = YES;
				IPHONEOS_DEPLOYMENT_TARGET = 8.4;
				MTL_ENABLE_DEBUG_INFO = NO;
				SDKROOT = iphoneos;
				VALIDATE_PRODUCT = YES;
			};
			name = Release;
		};
		D55611981C68946200890AC3 /* Debug */ = {
			isa = XCBuildConfiguration;
			buildSettings = {
				ASSETCATALOG_COMPILER_APPICON_NAME = AppIcon;
				INFOPLIST_FILE = "JD-Mobile/Info.plist";
				LD_RUNPATH_SEARCH_PATHS = "$(inherited) @executable_path/Frameworks";
				PRODUCT_NAME = "$(TARGET_NAME)";
			};
			name = Debug;
		};
		D55611991C68946200890AC3 /* Release */ = {
			isa = XCBuildConfiguration;
			buildSettings = {
				ASSETCATALOG_COMPILER_APPICON_NAME = AppIcon;
				INFOPLIST_FILE = "JD-Mobile/Info.plist";
				LD_RUNPATH_SEARCH_PATHS = "$(inherited) @executable_path/Frameworks";
				PRODUCT_NAME = "$(TARGET_NAME)";
			};
			name = Release;
		};
		D556119B1C68946200890AC3 /* Debug */ = {
			isa = XCBuildConfiguration;
			buildSettings = {
				BUNDLE_LOADER = "$(TEST_HOST)";
				FRAMEWORK_SEARCH_PATHS = (
					"$(SDKROOT)/Developer/Library/Frameworks",
					"$(inherited)",
				);
				GCC_PREPROCESSOR_DEFINITIONS = (
					"DEBUG=1",
					"$(inherited)",
				);
				INFOPLIST_FILE = "JD-MobileTests/Info.plist";
				LD_RUNPATH_SEARCH_PATHS = "$(inherited) @executable_path/Frameworks @loader_path/Frameworks";
				PRODUCT_NAME = "$(TARGET_NAME)";
				TEST_HOST = "$(BUILT_PRODUCTS_DIR)/JD-Mobile.app/JD-Mobile";
			};
			name = Debug;
		};
		D556119C1C68946200890AC3 /* Release */ = {
			isa = XCBuildConfiguration;
			buildSettings = {
				BUNDLE_LOADER = "$(TEST_HOST)";
				FRAMEWORK_SEARCH_PATHS = (
					"$(SDKROOT)/Developer/Library/Frameworks",
					"$(inherited)",
				);
				INFOPLIST_FILE = "JD-MobileTests/Info.plist";
				LD_RUNPATH_SEARCH_PATHS = "$(inherited) @executable_path/Frameworks @loader_path/Frameworks";
				PRODUCT_NAME = "$(TARGET_NAME)";
				TEST_HOST = "$(BUILT_PRODUCTS_DIR)/JD-Mobile.app/JD-Mobile";
			};
			name = Release;
		};
/* End XCBuildConfiguration section */

/* Begin XCConfigurationList section */
		D556116F1C68946200890AC3 /* Build configuration list for PBXProject "JD-Mobile" */ = {
			isa = XCConfigurationList;
			buildConfigurations = (
				D55611951C68946200890AC3 /* Debug */,
				D55611961C68946200890AC3 /* Release */,
			);
			defaultConfigurationIsVisible = 0;
			defaultConfigurationName = Release;
		};
		D55611971C68946200890AC3 /* Build configuration list for PBXNativeTarget "JD-Mobile" */ = {
			isa = XCConfigurationList;
			buildConfigurations = (
				D55611981C68946200890AC3 /* Debug */,
				D55611991C68946200890AC3 /* Release */,
			);
			defaultConfigurationIsVisible = 0;
		};
		D556119A1C68946200890AC3 /* Build configuration list for PBXNativeTarget "JD-MobileTests" */ = {
			isa = XCConfigurationList;
			buildConfigurations = (
				D556119B1C68946200890AC3 /* Debug */,
				D556119C1C68946200890AC3 /* Release */,
			);
			defaultConfigurationIsVisible = 0;
		};
/* End XCConfigurationList section */
	};
	rootObject = D556116C1C68946200890AC3 /* Project object */;
}
